{
  "requires": true,
  "lockfileVersion": 1,
  "dependencies": {
    "big-integer": {
      "version": "1.6.24",
      "resolved": "https://registry.npmjs.org/big-integer/-/big-integer-1.6.24.tgz",
      "integrity": "sha1-HthNAYrDwccrMH5/fZQAjo7iAxE="
    },
    "colors": {
      "version": "1.1.2",
      "resolved": "https://registry.npmjs.org/colors/-/colors-1.1.2.tgz",
      "integrity": "sha1-FopHAXVran9RoSzgyXv6KMCE7WM="
    }
  }
}
